
Microsoft Visual Studio Solution File, Format Version 12.00
# Visual Studio Version 16
VisualStudioVersion = 16.0.32002.261
MinimumVisualStudioVersion = 10.0.40219.1
Project("{8BC9CEB8-8B4A-11D0-8D11-00A0C91BC942}") = "Win32_Tutorial0", "Win32_Tutorial0\Win32_Tutorial0.vcxproj", "{29BBE3C7-948C-4E86-AE0C-7E61711DA97E}"
EndProject
Project("{8BC9CEB8-8B4A-11D0-8D11-00A0C91BC942}") = "Win32_COM", "Win32_COM\Win32_COM.vcxproj", "{67A9C6E2-78A8-421B-8FEB-A74D5CDE3FCA}"
EndProject
Project("{8BC9CEB8-8B4A-11D0-8D11-00A0C91BC942}") = "Win32_WindowsGraphics", "Win32_WindowsGraphics\Win32_WindowsGraphics.vcxproj", "{C8B9573D-542C-4290-A749-CF1033AE453B}"
EndProject
Project("{8BC9CEB8-8B4A-11D0-8D11-00A0C91BC942}") = "Win32_Direct2DClock", "Win32_Direct2DClock\Win32_Direct2DClock.vcxproj", "{9CA463BE-B9F9-4FC8-A0AE-47FEADBC7C85}"
EndProject
Project("{8BC9CEB8-8B4A-11D0-8D11-00A0C91BC942}") = "Win32_DrawCircle", "Win32_DrawCircle\Win32_DrawCircle.vcxproj", "{23045D6F-4F31-4224-B947-627285F9DA4C}"
EndProject
Project("{8BC9CEB8-8B4A-11D0-8D11-00A0C91BC942}") = "Win32_SimpleDrawing", "Win32_SimpleDrawing\Win32_SimpleDrawing.vcxproj", "{7ABE4EA6-0382-49B1-BF76-EA7D3215031B}"
EndProject
Global
	GlobalSection(SolutionConfigurationPlatforms) = preSolution
		Debug|x64 = Debug|x64
		Debug|x86 = Debug|x86
		Release|x64 = Release|x64
		Release|x86 = Release|x86
	EndGlobalSection
	GlobalSection(ProjectConfigurationPlatforms) = postSolution
		{29BBE3C7-948C-4E86-AE0C-7E61711DA97E}.Debug|x64.ActiveCfg = Debug|x64
		{29BBE3C7-948C-4E86-AE0C-7E61711DA97E}.Debug|x64.Build.0 = Debug|x64
		{29BBE3C7-948C-4E86-AE0C-7E61711DA97E}.Debug|x86.ActiveCfg = Debug|Win32
		{29BBE3C7-948C-4E86-AE0C-7E61711DA97E}.Debug|x86.Build.0 = Debug|Win32
		{29BBE3C7-948C-4E86-AE0C-7E61711DA97E}.Release|x64.ActiveCfg = Release|x64
		{29BBE3C7-948C-4E86-AE0C-7E61711DA97E}.Release|x64.Build.0 = Release|x64
		{29BBE3C7-948C-4E86-AE0C-7E61711DA97E}.Release|x86.ActiveCfg = Release|Win32
		{29BBE3C7-948C-4E86-AE0C-7E61711DA97E}.Release|x86.Build.0 = Release|Win32
		{67A9C6E2-78A8-421B-8FEB-A74D5CDE3FCA}.Debug|x64.ActiveCfg = Debug|x64
		{67A9C6E2-78A8-421B-8FEB-A74D5CDE3FCA}.Debug|x64.Build.0 = Debug|x64
		{67A9C6E2-78A8-421B-8FEB-A74D5CDE3FCA}.Debug|x86.ActiveCfg = Debug|Win32
		{67A9C6E2-78A8-421B-8FEB-A74D5CDE3FCA}.Debug|x86.Build.0 = Debug|Win32
		{67A9C6E2-78A8-421B-8FEB-A74D5CDE3FCA}.Release|x64.ActiveCfg = Release|x64
		{67A9C6E2-78A8-421B-8FEB-A74D5CDE3FCA}.Release|x64.Build.0 = Release|x64
		{67A9C6E2-78A8-421B-8FEB-A74D5CDE3FCA}.Release|x86.ActiveCfg = Release|Win32
		{67A9C6E2-78A8-421B-8FEB-A74D5CDE3FCA}.Release|x86.Build.0 = Release|Win32
		{C8B9573D-542C-4290-A749-CF1033AE453B}.Debug|x64.ActiveCfg = Debug|x64
		{C8B9573D-542C-4290-A749-CF1033AE453B}.Debug|x64.Build.0 = Debug|x64
		{C8B9573D-542C-4290-A749-CF1033AE453B}.Debug|x86.ActiveCfg = Debug|Win32
		{C8B9573D-542C-4290-A749-CF1033AE453B}.Debug|x86.Build.0 = Debug|Win32
		{C8B9573D-542C-4290-A749-CF1033AE453B}.Release|x64.ActiveCfg = Release|x64
		{C8B9573D-542C-4290-A749-CF1033AE453B}.Release|x64.Build.0 = Release|x64
		{C8B9573D-542C-4290-A749-CF1033AE453B}.Release|x86.ActiveCfg = Release|Win32
		{C8B9573D-542C-4290-A749-CF1033AE453B}.Release|x86.Build.0 = Release|Win32
		{9CA463BE-B9F9-4FC8-A0AE-47FEADBC7C85}.Debug|x64.ActiveCfg = Debug|x64
		{9CA463BE-B9F9-4FC8-A0AE-47FEADBC7C85}.Debug|x64.Build.0 = Debug|x64
		{9CA463BE-B9F9-4FC8-A0AE-47FEADBC7C85}.Debug|x86.ActiveCfg = Debug|Win32
		{9CA463BE-B9F9-4FC8-A0AE-47FEADBC7C85}.Debug|x86.Build.0 = Debug|Win32
		{9CA463BE-B9F9-4FC8-A0AE-47FEADBC7C85}.Release|x64.ActiveCfg = Release|x64
		{9CA463BE-B9F9-4FC8-A0AE-47FEADBC7C85}.Release|x64.Build.0 = Release|x64
		{9CA463BE-B9F9-4FC8-A0AE-47FEADBC7C85}.Release|x86.ActiveCfg = Release|Win32
		{9CA463BE-B9F9-4FC8-A0AE-47FEADBC7C85}.Release|x86.Build.0 = Release|Win32
		{23045D6F-4F31-4224-B947-627285F9DA4C}.Debug|x64.ActiveCfg = Debug|x64
		{23045D6F-4F31-4224-B947-627285F9DA4C}.Debug|x64.Build.0 = Debug|x64
		{23045D6F-4F31-4224-B947-627285F9DA4C}.Debug|x86.ActiveCfg = Debug|Win32
		{23045D6F-4F31-4224-B947-627285F9DA4C}.Debug|x86.Build.0 = Debug|Win32
		{23045D6F-4F31-4224-B947-627285F9DA4C}.Release|x64.ActiveCfg = Release|x64
		{23045D6F-4F31-4224-B947-627285F9DA4C}.Release|x64.Build.0 = Release|x64
		{23045D6F-4F31-4224-B947-627285F9DA4C}.Release|x86.ActiveCfg = Release|Win32
		{23045D6F-4F31-4224-B947-627285F9DA4C}.Release|x86.Build.0 = Release|Win32
		{7ABE4EA6-0382-49B1-BF76-EA7D3215031B}.Debug|x64.ActiveCfg = Debug|x64
		{7ABE4EA6-0382-49B1-BF76-EA7D3215031B}.Debug|x64.Build.0 = Debug|x64
		{7ABE4EA6-0382-49B1-BF76-EA7D3215031B}.Debug|x86.ActiveCfg = Debug|Win32
		{7ABE4EA6-0382-49B1-BF76-EA7D3215031B}.Debug|x86.Build.0 = Debug|Win32
		{7ABE4EA6-0382-49B1-BF76-EA7D3215031B}.Release|x64.ActiveCfg = Release|x64
		{7ABE4EA6-0382-49B1-BF76-EA7D3215031B}.Release|x64.Build.0 = Release|x64
		{7ABE4EA6-0382-49B1-BF76-EA7D3215031B}.Release|x86.ActiveCfg = Release|Win32
		{7ABE4EA6-0382-49B1-BF76-EA7D3215031B}.Release|x86.Build.0 = Release|Win32
	EndGlobalSection
	GlobalSection(SolutionProperties) = preSolution
		HideSolutionNode = FALSE
	EndGlobalSection
	GlobalSection(ExtensibilityGlobals) = postSolution
		SolutionGuid = {D14A1368-85C8-406D-A662-886A8058032E}
	EndGlobalSection
EndGlobal
